
Microsoft Visual Studio Solution File, Format Version 12.00
# Visual Studio 15
VisualStudioVersion = 15.0.27130.2027
MinimumVisualStudioVersion = 10.0.40219.1
Project("{FAE04EC0-301F-11D3-BF4B-00C04F79EFBC}") = "DataEdit", "DataEdit\DataEdit.csproj", "{1A7FDCF6-B07D-4E76-A624-0B3E22A0F504}"
EndProject
Global
	GlobalSection(SolutionConfigurationPlatforms) = preSolution
		Debug|Any CPU = Debug|Any CPU
		Release|Any CPU = Release|Any CPU
	EndGlobalSection
	GlobalSection(ProjectConfigurationPlatforms) = postSolution
		{1A7FDCF6-B07D-4E76-A624-0B3E22A0F504}.Debug|Any CPU.ActiveCfg = Debug|Any CPU
		{1A7FDCF6-B07D-4E76-A624-0B3E22A0F504}.Debug|Any CPU.Build.0 = Debug|Any CPU
		{1A7FDCF6-B07D-4E76-A624-0B3E22A0F504}.Release|Any CPU.ActiveCfg = Release|Any CPU
		{1A7FDCF6-B07D-4E76-A624-0B3E22A0F504}.Release|Any CPU.Build.0 = Release|Any CPU
	EndGlobalSection
	GlobalSection(SolutionProperties) = preSolution
		HideSolutionNode = FALSE
	EndGlobalSection
	GlobalSection(ExtensibilityGlobals) = postSolution
		SolutionGuid = {D1EC77D0-5559-411C-9018-910AB9A386B4}
	EndGlobalSection
EndGlobal
